
Microsoft Visual Studio Solution File, Format Version 12.00
# Visual Studio 15
VisualStudioVersion = 15.0.28307.421
MinimumVisualStudioVersion = 10.0.40219.1
Project("{FAE04EC0-301F-11D3-BF4B-00C04F79EFBC}") = "App1.Android", "App1\App1.Android\App1.Android.csproj", "{1C2E8B16-3374-43FD-AC20-FB03E9B3E62D}"
EndProject
Project("{FAE04EC0-301F-11D3-BF4B-00C04F79EFBC}") = "App1.iOS", "App1\App1.iOS\App1.iOS.csproj", "{CF046561-0E7F-453A-A735-76B4F239B503}"
EndProject
Project("{FAE04EC0-301F-11D3-BF4B-00C04F79EFBC}") = "App1.UWP", "App1\App1.UWP\App1.UWP.csproj", "{50F58F09-4FEB-485E-B995-45C73F92E4A2}"
EndProject
Project("{FAE04EC0-301F-11D3-BF4B-00C04F79EFBC}") = "App1", "App1\App1\App1.csproj", "{D771C772-CA7A-46E1-8A5C-915A7211A122}"
EndProject
Global
	GlobalSection(SolutionConfigurationPlatforms) = preSolution
		Ad-Hoc|Any CPU = Ad-Hoc|Any CPU
		Ad-Hoc|ARM = Ad-Hoc|ARM
		Ad-Hoc|iPhone = Ad-Hoc|iPhone
		Ad-Hoc|iPhoneSimulator = Ad-Hoc|iPhoneSimulator
		Ad-Hoc|x64 = Ad-Hoc|x64
		Ad-Hoc|x86 = Ad-Hoc|x86
		AppStore|Any CPU = AppStore|Any CPU
		AppStore|ARM = AppStore|ARM
		AppStore|iPhone = AppStore|iPhone
		AppStore|iPhoneSimulator = AppStore|iPhoneSimulator
		AppStore|x64 = AppStore|x64
		AppStore|x86 = AppStore|x86
		Debug|Any CPU = Debug|Any CPU
		Debug|ARM = Debug|ARM
		Debug|iPhone = Debug|iPhone
		Debug|iPhoneSimulator = Debug|iPhoneSimulator
		Debug|x64 = Debug|x64
		Debug|x86 = Debug|x86
		Release|Any CPU = Release|Any CPU
		Release|ARM = Release|ARM
		Release|iPhone = Release|iPhone
		Release|iPhoneSimulator = Release|iPhoneSimulator
		Release|x64 = Release|x64
		Release|x86 = Release|x86
	EndGlobalSection
	GlobalSection(ProjectConfigurationPlatforms) = postSolution
		{1C2E8B16-3374-43FD-AC20-FB03E9B3E62D}.Ad-Hoc|Any CPU.ActiveCfg = Release|Any CPU
		{1C2E8B16-3374-43FD-AC20-FB03E9B3E62D}.Ad-Hoc|Any CPU.Build.0 = Release|Any CPU
		{1C2E8B16-3374-43FD-AC20-FB03E9B3E62D}.Ad-Hoc|Any CPU.Deploy.0 = Release|Any CPU
		{1C2E8B16-3374-43FD-AC20-FB03E9B3E62D}.Ad-Hoc|ARM.ActiveCfg = Release|Any CPU
		{1C2E8B16-3374-43FD-AC20-FB03E9B3E62D}.Ad-Hoc|ARM.Build.0 = Release|Any CPU
		{1C2E8B16-3374-43FD-AC20-FB03E9B3E62D}.Ad-Hoc|ARM.Deploy.0 = Release|Any CPU
		{1C2E8B16-3374-43FD-AC20-FB03E9B3E62D}.Ad-Hoc|iPhone.ActiveCfg = Release|Any CPU
		{1C2E8B16-3374-43FD-AC20-FB03E9B3E62D}.Ad-Hoc|iPhone.Build.0 = Release|Any CPU
		{1C2E8B16-3374-43FD-AC20-FB03E9B3E62D}.Ad-Hoc|iPhone.Deploy.0 = Release|Any CPU
		{1C2E8B16-3374-43FD-AC20-FB03E9B3E62D}.Ad-Hoc|iPhoneSimulator.ActiveCfg = Release|Any CPU
		{1C2E8B16-3374-43FD-AC20-FB03E9B3E62D}.Ad-Hoc|iPhoneSimulator.Build.0 = Release|Any CPU
		{1C2E8B16-3374-43FD-AC20-FB03E9B3E62D}.Ad-Hoc|iPhoneSimulator.Deploy.0 = Release|Any CPU
		{1C2E8B16-3374-43FD-AC20-FB03E9B3E62D}.Ad-Hoc|x64.ActiveCfg = Release|Any CPU
		{1C2E8B16-3374-43FD-AC20-FB03E9B3E62D}.Ad-Hoc|x64.Build.0 = Release|Any CPU
		{1C2E8B16-3374-43FD-AC20-FB03E9B3E62D}.Ad-Hoc|x64.Deploy.0 = Release|Any CPU
		{1C2E8B16-3374-43FD-AC20-FB03E9B3E62D}.Ad-Hoc|x86.ActiveCfg = Release|Any CPU
		{1C2E8B16-3374-43FD-AC20-FB03E9B3E62D}.Ad-Hoc|x86.Build.0 = Release|Any CPU
		{1C2E8B16-3374-43FD-AC20-FB03E9B3E62D}.Ad-Hoc|x86.Deploy.0 = Release|Any CPU
		{1C2E8B16-3374-43FD-AC20-FB03E9B3E62D}.AppStore|Any CPU.ActiveCfg = Release|Any CPU
		{1C2E8B16-3374-43FD-AC20-FB03E9B3E62D}.AppStore|Any CPU.Build.0 = Release|Any CPU
		{1C2E8B16-3374-43FD-AC20-FB03E9B3E62D}.AppStore|Any CPU.Deploy.0 = Release|Any CPU
		{1C2E8B16-3374-43FD-AC20-FB03E9B3E62D}.AppStore|ARM.ActiveCfg = Release|Any CPU
		{1C2E8B16-3374-43FD-AC20-FB03E9B3E62D}.AppStore|ARM.Build.0 = Release|Any CPU
		{1C2E8B16-3374-43FD-AC20-FB03E9B3E62D}.AppStore|ARM.Deploy.0 = Release|Any CPU
		{1C2E8B16-3374-43FD-AC20-FB03E9B3E62D}.AppStore|iPhone.ActiveCfg = Release|Any CPU
		{1C2E8B16-3374-43FD-AC20-FB03E9B3E62D}.AppStore|iPhone.Build.0 = Release|Any CPU
		{1C2E8B16-3374-43FD-AC20-FB03E9B3E62D}.AppStore|iPhone.Deploy.0 = Release|Any CPU
		{1C2E8B16-3374-43FD-AC20-FB03E9B3E62D}.AppStore|iPhoneSimulator.ActiveCfg = Release|Any CPU
		{1C2E8B16-3374-43FD-AC20-FB03E9B3E62D}.AppStore|iPhoneSimulator.Build.0 = Release|Any CPU
		{1C2E8B16-3374-43FD-AC20-FB03E9B3E62D}.AppStore|iPhoneSimulator.Deploy.0 = Release|Any CPU
		{1C2E8B16-3374-43FD-AC20-FB03E9B3E62D}.AppStore|x64.ActiveCfg = Release|Any CPU
		{1C2E8B16-3374-43FD-AC20-FB03E9B3E62D}.AppStore|x64.Build.0 = Release|Any CPU
		{1C2E8B16-3374-43FD-AC20-FB03E9B3E62D}.AppStore|x64.Deploy.0 = Release|Any CPU
		{1C2E8B16-3374-43FD-AC20-FB03E9B3E62D}.AppStore|x86.ActiveCfg = Release|Any CPU
		{1C2E8B16-3374-43FD-AC20-FB03E9B3E62D}.AppStore|x86.Build.0 = Release|Any CPU
		{1C2E8B16-3374-43FD-AC20-FB03E9B3E62D}.AppStore|x86.Deploy.0 = Release|Any CPU
		{1C2E8B16-3374-43FD-AC20-FB03E9B3E62D}.Debug|Any CPU.ActiveCfg = Debug|Any CPU
		{1C2E8B16-3374-43FD-AC20-FB03E9B3E62D}.Debug|Any CPU.Build.0 = Debug|Any CPU
		{1C2E8B16-3374-43FD-AC20-FB03E9B3E62D}.Debug|Any CPU.Deploy.0 = Debug|Any CPU
		{1C2E8B16-3374-43FD-AC20-FB03E9B3E62D}.Debug|ARM.ActiveCfg = Debug|Any CPU
		{1C2E8B16-3374-43FD-AC20-FB03E9B3E62D}.Debug|ARM.Build.0 = Debug|Any CPU
		{1C2E8B16-3374-43FD-AC20-FB03E9B3E62D}.Debug|ARM.Deploy.0 = Debug|Any CPU
		{1C2E8B16-3374-43FD-AC20-FB03E9B3E62D}.Debug|iPhone.ActiveCfg = Debug|Any CPU
		{1C2E8B16-3374-43FD-AC20-FB03E9B3E62D}.Debug|iPhone.Build.0 = Debug|Any CPU
		{1C2E8B16-3374-43FD-AC20-FB03E9B3E62D}.Debug|iPhone.Deploy.0 = Debug|Any CPU
		{1C2E8B16-3374-43FD-AC20-FB03E9B3E62D}.Debug|iPhoneSimulator.ActiveCfg = Debug|Any CPU
		{1C2E8B16-3374-43FD-AC20-FB03E9B3E62D}.Debug|iPhoneSimulator.Build.0 = Debug|Any CPU
		{1C2E8B16-3374-43FD-AC20-FB03E9B3E62D}.Debug|iPhoneSimulator.Deploy.0 = Debug|Any CPU
		{1C2E8B16-3374-43FD-AC20-FB03E9B3E62D}.Debug|x64.ActiveCfg = Debug|Any CPU
		{1C2E8B16-3374-43FD-AC20-FB03E9B3E62D}.Debug|x64.Build.0 = Debug|Any CPU
		{1C2E8B16-3374-43FD-AC20-FB03E9B3E62D}.Debug|x64.Deploy.0 = Debug|Any CPU
		{1C2E8B16-3374-43FD-AC20-FB03E9B3E62D}.Debug|x86.ActiveCfg = Debug|Any CPU
		{1C2E8B16-3374-43FD-AC20-FB03E9B3E62D}.Debug|x86.Build.0 = Debug|Any CPU
		{1C2E8B16-3374-43FD-AC20-FB03E9B3E62D}.Debug|x86.Deploy.0 = Debug|Any CPU
		{1C2E8B16-3374-43FD-AC20-FB03E9B3E62D}.Release|Any CPU.ActiveCfg = Release|Any CPU
		{1C2E8B16-3374-43FD-AC20-FB03E9B3E62D}.Release|Any CPU.Build.0 = Release|Any CPU
		{1C2E8B16-3374-43FD-AC20-FB03E9B3E62D}.Release|Any CPU.Deploy.0 = Release|Any CPU
		{1C2E8B16-3374-43FD-AC20-FB03E9B3E62D}.Release|ARM.ActiveCfg = Release|Any CPU
		{1C2E8B16-3374-43FD-AC20-FB03E9B3E62D}.Release|ARM.Build.0 = Release|Any CPU
		{1C2E8B16-3374-43FD-AC20-FB03E9B3E62D}.Release|ARM.Deploy.0 = Release|Any CPU
		{1C2E8B16-3374-43FD-AC20-FB03E9B3E62D}.Release|iPhone.ActiveCfg = Release|Any CPU
		{1C2E8B16-3374-43FD-AC20-FB03E9B3E62D}.Release|iPhone.Build.0 = Release|Any CPU
		{1C2E8B16-3374-43FD-AC20-FB03E9B3E62D}.Release|iPhone.Deploy.0 = Release|Any CPU
		{1C2E8B16-3374-43FD-AC20-FB03E9B3E62D}.Release|iPhoneSimulator.ActiveCfg = Release|Any CPU
		{1C2E8B16-3374-43FD-AC20-FB03E9B3E62D}.Release|iPhoneSimulator.Build.0 = Release|Any CPU
		{1C2E8B16-3374-43FD-AC20-FB03E9B3E62D}.Release|iPhoneSimulator.Deploy.0 = Release|Any CPU
		{1C2E8B16-3374-43FD-AC20-FB03E9B3E62D}.Release|x64.ActiveCfg = Release|Any CPU
		{1C2E8B16-3374-43FD-AC20-FB03E9B3E62D}.Release|x64.Build.0 = Release|Any CPU
		{1C2E8B16-3374-43FD-AC20-FB03E9B3E62D}.Release|x64.Deploy.0 = Release|Any CPU
		{1C2E8B16-3374-43FD-AC20-FB03E9B3E62D}.Release|x86.ActiveCfg = Release|Any CPU
		{1C2E8B16-3374-43FD-AC20-FB03E9B3E62D}.Release|x86.Build.0 = Release|Any CPU
		{1C2E8B16-3374-43FD-AC20-FB03E9B3E62D}.Release|x86.Deploy.0 = Release|Any CPU
		{CF046561-0E7F-453A-A735-76B4F239B503}.Ad-Hoc|Any CPU.ActiveCfg = Ad-Hoc|iPhone
		{CF046561-0E7F-453A-A735-76B4F239B503}.Ad-Hoc|Any CPU.Build.0 = Ad-Hoc|iPhone
		{CF046561-0E7F-453A-A735-76B4F239B503}.Ad-Hoc|Any CPU.Deploy.0 = Ad-Hoc|iPhone
		{CF046561-0E7F-453A-A735-76B4F239B503}.Ad-Hoc|ARM.ActiveCfg = Ad-Hoc|iPhone
		{CF046561-0E7F-453A-A735-76B4F239B503}.Ad-Hoc|ARM.Build.0 = Ad-Hoc|iPhone
		{CF046561-0E7F-453A-A735-76B4F239B503}.Ad-Hoc|ARM.Deploy.0 = Ad-Hoc|iPhone
		{CF046561-0E7F-453A-A735-76B4F239B503}.Ad-Hoc|iPhone.ActiveCfg = Ad-Hoc|iPhone
		{CF046561-0E7F-453A-A735-76B4F239B503}.Ad-Hoc|iPhone.Build.0 = Ad-Hoc|iPhone
		{CF046561-0E7F-453A-A735-76B4F239B503}.Ad-Hoc|iPhone.Deploy.0 = Ad-Hoc|iPhone
		{CF046561-0E7F-453A-A735-76B4F239B503}.Ad-Hoc|iPhoneSimulator.ActiveCfg = Ad-Hoc|iPhoneSimulator
		{CF046561-0E7F-453A-A735-76B4F239B503}.Ad-Hoc|iPhoneSimulator.Build.0 = Ad-Hoc|iPhoneSimulator
		{CF046561-0E7F-453A-A735-76B4F239B503}.Ad-Hoc|iPhoneSimulator.Deploy.0 = Ad-Hoc|iPhoneSimulator
		{CF046561-0E7F-453A-A735-76B4F239B503}.Ad-Hoc|x64.ActiveCfg = Ad-Hoc|iPhone
		{CF046561-0E7F-453A-A735-76B4F239B503}.Ad-Hoc|x64.Build.0 = Ad-Hoc|iPhone
		{CF046561-0E7F-453A-A735-76B4F239B503}.Ad-Hoc|x64.Deploy.0 = Ad-Hoc|iPhone
		{CF046561-0E7F-453A-A735-76B4F239B503}.Ad-Hoc|x86.ActiveCfg = Ad-Hoc|iPhone
		{CF046561-0E7F-453A-A735-76B4F239B503}.Ad-Hoc|x86.Build.0 = Ad-Hoc|iPhone
		{CF046561-0E7F-453A-A735-76B4F239B503}.Ad-Hoc|x86.Deploy.0 = Ad-Hoc|iPhone
		{CF046561-0E7F-453A-A735-76B4F239B503}.AppStore|Any CPU.ActiveCfg = AppStore|iPhone
		{CF046561-0E7F-453A-A735-76B4F239B503}.AppStore|Any CPU.Build.0 = AppStore|iPhone
		{CF046561-0E7F-453A-A735-76B4F239B503}.AppStore|Any CPU.Deploy.0 = AppStore|iPhone
		{CF046561-0E7F-453A-A735-76B4F239B503}.AppStore|ARM.ActiveCfg = AppStore|iPhone
		{CF046561-0E7F-453A-A735-76B4F239B503}.AppStore|ARM.Build.0 = AppStore|iPhone
		{CF046561-0E7F-453A-A735-76B4F239B503}.AppStore|ARM.Deploy.0 = AppStore|iPhone
		{CF046561-0E7F-453A-A735-76B4F239B503}.AppStore|iPhone.ActiveCfg = AppStore|iPhone
		{CF046561-0E7F-453A-A735-76B4F239B503}.AppStore|iPhone.Build.0 = AppStore|iPhone
		{CF046561-0E7F-453A-A735-76B4F239B503}.AppStore|iPhone.Deploy.0 = AppStore|iPhone
		{CF046561-0E7F-453A-A735-76B4F239B503}.AppStore|iPhoneSimulator.ActiveCfg = AppStore|iPhoneSimulator
		{CF046561-0E7F-453A-A735-76B4F239B503}.AppStore|iPhoneSimulator.Build.0 = AppStore|iPhoneSimulator
		{CF046561-0E7F-453A-A735-76B4F239B503}.AppStore|iPhoneSimulator.Deploy.0 = AppStore|iPhoneSimulator
		{CF046561-0E7F-453A-A735-76B4F239B503}.AppStore|x64.ActiveCfg = AppStore|iPhone
		{CF046561-0E7F-453A-A735-76B4F239B503}.AppStore|x64.Build.0 = AppStore|iPhone
		{CF046561-0E7F-453A-A735-76B4F239B503}.AppStore|x64.Deploy.0 = AppStore|iPhone
		{CF046561-0E7F-453A-A735-76B4F239B503}.AppStore|x86.ActiveCfg = AppStore|iPhone
		{CF046561-0E7F-453A-A735-76B4F239B503}.AppStore|x86.Build.0 = AppStore|iPhone
		{CF046561-0E7F-453A-A735-76B4F239B503}.AppStore|x86.Deploy.0 = AppStore|iPhone
		{CF046561-0E7F-453A-A735-76B4F239B503}.Debug|Any CPU.ActiveCfg = Debug|iPhoneSimulator
		{CF046561-0E7F-453A-A735-76B4F239B503}.Debug|Any CPU.Build.0 = Debug|iPhoneSimulator
		{CF046561-0E7F-453A-A735-76B4F239B503}.Debug|Any CPU.Deploy.0 = Debug|iPhoneSimulator
		{CF046561-0E7F-453A-A735-76B4F239B503}.Debug|ARM.ActiveCfg = Debug|iPhone
		{CF046561-0E7F-453A-A735-76B4F239B503}.Debug|ARM.Build.0 = Debug|iPhone
		{CF046561-0E7F-453A-A735-76B4F239B503}.Debug|ARM.Deploy.0 = Debug|iPhone
		{CF046561-0E7F-453A-A735-76B4F239B503}.Debug|iPhone.ActiveCfg = Debug|iPhone
		{CF046561-0E7F-453A-A735-76B4F239B503}.Debug|iPhone.Build.0 = Debug|iPhone
		{CF046561-0E7F-453A-A735-76B4F239B503}.Debug|iPhone.Deploy.0 = Debug|iPhone
		{CF046561-0E7F-453A-A735-76B4F239B503}.Debug|iPhoneSimulator.ActiveCfg = Debug|iPhoneSimulator
		{CF046561-0E7F-453A-A735-76B4F239B503}.Debug|iPhoneSimulator.Build.0 = Debug|iPhoneSimulator
		{CF046561-0E7F-453A-A735-76B4F239B503}.Debug|iPhoneSimulator.Deploy.0 = Debug|iPhoneSimulator
		{CF046561-0E7F-453A-A735-76B4F239B503}.Debug|x64.ActiveCfg = Debug|iPhone
		{CF046561-0E7F-453A-A735-76B4F239B503}.Debug|x64.Build.0 = Debug|iPhone
		{CF046561-0E7F-453A-A735-76B4F239B503}.Debug|x64.Deploy.0 = Debug|iPhone
		{CF046561-0E7F-453A-A735-76B4F239B503}.Debug|x86.ActiveCfg = Debug|iPhone
		{CF046561-0E7F-453A-A735-76B4F239B503}.Debug|x86.Build.0 = Debug|iPhone
		{CF046561-0E7F-453A-A735-76B4F239B503}.Debug|x86.Deploy.0 = Debug|iPhone
		{CF046561-0E7F-453A-A735-76B4F239B503}.Release|Any CPU.ActiveCfg = Release|iPhone
		{CF046561-0E7F-453A-A735-76B4F239B503}.Release|Any CPU.Build.0 = Release|iPhone
		{CF046561-0E7F-453A-A735-76B4F239B503}.Release|Any CPU.Deploy.0 = Release|iPhone
		{CF046561-0E7F-453A-A735-76B4F239B503}.Release|ARM.ActiveCfg = Release|iPhone
		{CF046561-0E7F-453A-A735-76B4F239B503}.Release|ARM.Build.0 = Release|iPhone
		{CF046561-0E7F-453A-A735-76B4F239B503}.Release|ARM.Deploy.0 = Release|iPhone
		{CF046561-0E7F-453A-A735-76B4F239B503}.Release|iPhone.ActiveCfg = Release|iPhone
		{CF046561-0E7F-453A-A735-76B4F239B503}.Release|iPhone.Build.0 = Release|iPhone
		{CF046561-0E7F-453A-A735-76B4F239B503}.Release|iPhone.Deploy.0 = Release|iPhone
		{CF046561-0E7F-453A-A735-76B4F239B503}.Release|iPhoneSimulator.ActiveCfg = Release|iPhoneSimulator
		{CF046561-0E7F-453A-A735-76B4F239B503}.Release|iPhoneSimulator.Build.0 = Release|iPhoneSimulator
		{CF046561-0E7F-453A-A735-76B4F239B503}.Release|iPhoneSimulator.Deploy.0 = Release|iPhoneSimulator
		{CF046561-0E7F-453A-A735-76B4F239B503}.Release|x64.ActiveCfg = Release|iPhone
		{CF046561-0E7F-453A-A735-76B4F239B503}.Release|x64.Build.0 = Release|iPhone
		{CF046561-0E7F-453A-A735-76B4F239B503}.Release|x64.Deploy.0 = Release|iPhone
		{CF046561-0E7F-453A-A735-76B4F239B503}.Release|x86.ActiveCfg = Release|iPhone
		{CF046561-0E7F-453A-A735-76B4F239B503}.Release|x86.Build.0 = Release|iPhone
		{CF046561-0E7F-453A-A735-76B4F239B503}.Release|x86.Deploy.0 = Release|iPhone
		{50F58F09-4FEB-485E-B995-45C73F92E4A2}.Ad-Hoc|Any CPU.ActiveCfg = Release|x86
		{50F58F09-4FEB-485E-B995-45C73F92E4A2}.Ad-Hoc|Any CPU.Build.0 = Release|x86
		{50F58F09-4FEB-485E-B995-45C73F92E4A2}.Ad-Hoc|Any CPU.Deploy.0 = Release|x86
		{50F58F09-4FEB-485E-B995-45C73F92E4A2}.Ad-Hoc|ARM.ActiveCfg = Release|ARM
		{50F58F09-4FEB-485E-B995-45C73F92E4A2}.Ad-Hoc|ARM.Build.0 = Release|ARM
		{50F58F09-4FEB-485E-B995-45C73F92E4A2}.Ad-Hoc|ARM.Deploy.0 = Release|ARM
		{50F58F09-4FEB-485E-B995-45C73F92E4A2}.Ad-Hoc|iPhone.ActiveCfg = Release|x86
		{50F58F09-4FEB-485E-B995-45C73F92E4A2}.Ad-Hoc|iPhone.Build.0 = Release|x86
		{50F58F09-4FEB-485E-B995-45C73F92E4A2}.Ad-Hoc|iPhone.Deploy.0 = Release|x86
		{50F58F09-4FEB-485E-B995-45C73F92E4A2}.Ad-Hoc|iPhoneSimulator.ActiveCfg = Release|x86
		{50F58F09-4FEB-485E-B995-45C73F92E4A2}.Ad-Hoc|iPhoneSimulator.Build.0 = Release|x86
		{50F58F09-4FEB-485E-B995-45C73F92E4A2}.Ad-Hoc|iPhoneSimulator.Deploy.0 = Release|x86
		{50F58F09-4FEB-485E-B995-45C73F92E4A2}.Ad-Hoc|x64.ActiveCfg = Release|x64
		{50F58F09-4FEB-485E-B995-45C73F92E4A2}.Ad-Hoc|x64.Build.0 = Release|x64
		{50F58F09-4FEB-485E-B995-45C73F92E4A2}.Ad-Hoc|x64.Deploy.0 = Release|x64
		{50F58F09-4FEB-485E-B995-45C73F92E4A2}.Ad-Hoc|x86.ActiveCfg = Release|x86
		{50F58F09-4FEB-485E-B995-45C73F92E4A2}.Ad-Hoc|x86.Build.0 = Release|x86
		{50F58F09-4FEB-485E-B995-45C73F92E4A2}.Ad-Hoc|x86.Deploy.0 = Release|x86
		{50F58F09-4FEB-485E-B995-45C73F92E4A2}.AppStore|Any CPU.ActiveCfg = Release|x86
		{50F58F09-4FEB-485E-B995-45C73F92E4A2}.AppStore|Any CPU.Build.0 = Release|x86
		{50F58F09-4FEB-485E-B995-45C73F92E4A2}.AppStore|Any CPU.Deploy.0 = Release|x86
		{50F58F09-4FEB-485E-B995-45C73F92E4A2}.AppStore|ARM.ActiveCfg = Release|ARM
		{50F58F09-4FEB-485E-B995-45C73F92E4A2}.AppStore|ARM.Build.0 = Release|ARM
		{50F58F09-4FEB-485E-B995-45C73F92E4A2}.AppStore|ARM.Deploy.0 = Release|ARM
		{50F58F09-4FEB-485E-B995-45C73F92E4A2}.AppStore|iPhone.ActiveCfg = Release|x86
		{50F58F09-4FEB-485E-B995-45C73F92E4A2}.AppStore|iPhone.Build.0 = Release|x86
		{50F58F09-4FEB-485E-B995-45C73F92E4A2}.AppStore|iPhone.Deploy.0 = Release|x86
		{50F58F09-4FEB-485E-B995-45C73F92E4A2}.AppStore|iPhoneSimulator.ActiveCfg = Release|x86
		{50F58F09-4FEB-485E-B995-45C73F92E4A2}.AppStore|iPhoneSimulator.Build.0 = Release|x86
		{50F58F09-4FEB-485E-B995-45C73F92E4A2}.AppStore|iPhoneSimulator.Deploy.0 = Release|x86
		{50F58F09-4FEB-485E-B995-45C73F92E4A2}.AppStore|x64.ActiveCfg = Release|x64
		{50F58F09-4FEB-485E-B995-45C73F92E4A2}.AppStore|x64.Build.0 = Release|x64
		{50F58F09-4FEB-485E-B995-45C73F92E4A2}.AppStore|x64.Deploy.0 = Release|x64
		{50F58F09-4FEB-485E-B995-45C73F92E4A2}.AppStore|x86.ActiveCfg = Release|x86
		{50F58F09-4FEB-485E-B995-45C73F92E4A2}.AppStore|x86.Build.0 = Release|x86
		{50F58F09-4FEB-485E-B995-45C73F92E4A2}.AppStore|x86.Deploy.0 = Release|x86
		{50F58F09-4FEB-485E-B995-45C73F92E4A2}.Debug|Any CPU.ActiveCfg = Debug|x86
		{50F58F09-4FEB-485E-B995-45C73F92E4A2}.Debug|Any CPU.Build.0 = Debug|x86
		{50F58F09-4FEB-485E-B995-45C73F92E4A2}.Debug|Any CPU.Deploy.0 = Debug|x86
		{50F58F09-4FEB-485E-B995-45C73F92E4A2}.Debug|ARM.ActiveCfg = Debug|ARM
		{50F58F09-4FEB-485E-B995-45C73F92E4A2}.Debug|ARM.Build.0 = Debug|ARM
		{50F58F09-4FEB-485E-B995-45C73F92E4A2}.Debug|ARM.Deploy.0 = Debug|ARM
		{50F58F09-4FEB-485E-B995-45C73F92E4A2}.Debug|iPhone.ActiveCfg = Debug|x86
		{50F58F09-4FEB-485E-B995-45C73F92E4A2}.Debug|iPhone.Build.0 = Debug|x86
		{50F58F09-4FEB-485E-B995-45C73F92E4A2}.Debug|iPhone.Deploy.0 = Debug|x86
		{50F58F09-4FEB-485E-B995-45C73F92E4A2}.Debug|iPhoneSimulator.ActiveCfg = Debug|x86
		{50F58F09-4FEB-485E-B995-45C73F92E4A2}.Debug|iPhoneSimulator.Build.0 = Debug|x86
		{50F58F09-4FEB-485E-B995-45C73F92E4A2}.Debug|iPhoneSimulator.Deploy.0 = Debug|x86
		{50F58F09-4FEB-485E-B995-45C73F92E4A2}.Debug|x64.ActiveCfg = Debug|x64
		{50F58F09-4FEB-485E-B995-45C73F92E4A2}.Debug|x64.Build.0 = Debug|x64
		{50F58F09-4FEB-485E-B995-45C73F92E4A2}.Debug|x64.Deploy.0 = Debug|x64
		{50F58F09-4FEB-485E-B995-45C73F92E4A2}.Debug|x86.ActiveCfg = Debug|x86
		{50F58F09-4FEB-485E-B995-45C73F92E4A2}.Debug|x86.Build.0 = Debug|x86
		{50F58F09-4FEB-485E-B995-45C73F92E4A2}.Debug|x86.Deploy.0 = Debug|x86
		{50F58F09-4FEB-485E-B995-45C73F92E4A2}.Release|Any CPU.ActiveCfg = Release|x86
		{50F58F09-4FEB-485E-B995-45C73F92E4A2}.Release|Any CPU.Build.0 = Release|x86
		{50F58F09-4FEB-485E-B995-45C73F92E4A2}.Release|Any CPU.Deploy.0 = Release|x86
		{50F58F09-4FEB-485E-B995-45C73F92E4A2}.Release|ARM.ActiveCfg = Release|ARM
		{50F58F09-4FEB-485E-B995-45C73F92E4A2}.Release|ARM.Build.0 = Release|ARM
		{50F58F09-4FEB-485E-B995-45C73F92E4A2}.Release|ARM.Deploy.0 = Release|ARM
		{50F58F09-4FEB-485E-B995-45C73F92E4A2}.Release|iPhone.ActiveCfg = Release|x86
		{50F58F09-4FEB-485E-B995-45C73F92E4A2}.Release|iPhone.Build.0 = Release|x86
		{50F58F09-4FEB-485E-B995-45C73F92E4A2}.Release|iPhone.Deploy.0 = Release|x86
		{50F58F09-4FEB-485E-B995-45C73F92E4A2}.Release|iPhoneSimulator.ActiveCfg = Release|x86
		{50F58F09-4FEB-485E-B995-45C73F92E4A2}.Release|iPhoneSimulator.Build.0 = Release|x86
		{50F58F09-4FEB-485E-B995-45C73F92E4A2}.Release|iPhoneSimulator.Deploy.0 = Release|x86
		{50F58F09-4FEB-485E-B995-45C73F92E4A2}.Release|x64.ActiveCfg = Release|x64
		{50F58F09-4FEB-485E-B995-45C73F92E4A2}.Release|x64.Build.0 = Release|x64
		{50F58F09-4FEB-485E-B995-45C73F92E4A2}.Release|x64.Deploy.0 = Release|x64
		{50F58F09-4FEB-485E-B995-45C73F92E4A2}.Release|x86.ActiveCfg = Release|x86
		{50F58F09-4FEB-485E-B995-45C73F92E4A2}.Release|x86.Build.0 = Release|x86
		{50F58F09-4FEB-485E-B995-45C73F92E4A2}.Release|x86.Deploy.0 = Release|x86
		{D771C772-CA7A-46E1-8A5C-915A7211A122}.Ad-Hoc|Any CPU.ActiveCfg = Debug|Any CPU
		{D771C772-CA7A-46E1-8A5C-915A7211A122}.Ad-Hoc|Any CPU.Build.0 = Debug|Any CPU
		{D771C772-CA7A-46E1-8A5C-915A7211A122}.Ad-Hoc|Any CPU.Deploy.0 = Debug|Any CPU
		{D771C772-CA7A-46E1-8A5C-915A7211A122}.Ad-Hoc|ARM.ActiveCfg = Debug|Any CPU
		{D771C772-CA7A-46E1-8A5C-915A7211A122}.Ad-Hoc|ARM.Build.0 = Debug|Any CPU
		{D771C772-CA7A-46E1-8A5C-915A7211A122}.Ad-Hoc|ARM.Deploy.0 = Debug|Any CPU
		{D771C772-CA7A-46E1-8A5C-915A7211A122}.Ad-Hoc|iPhone.ActiveCfg = Debug|Any CPU
		{D771C772-CA7A-46E1-8A5C-915A7211A122}.Ad-Hoc|iPhone.Build.0 = Debug|Any CPU
		{D771C772-CA7A-46E1-8A5C-915A7211A122}.Ad-Hoc|iPhone.Deploy.0 = Debug|Any CPU
		{D771C772-CA7A-46E1-8A5C-915A7211A122}.Ad-Hoc|iPhoneSimulator.ActiveCfg = Debug|Any CPU
		{D771C772-CA7A-46E1-8A5C-915A7211A122}.Ad-Hoc|iPhoneSimulator.Build.0 = Debug|Any CPU
		{D771C772-CA7A-46E1-8A5C-915A7211A122}.Ad-Hoc|iPhoneSimulator.Deploy.0 = Debug|Any CPU
		{D771C772-CA7A-46E1-8A5C-915A7211A122}.Ad-Hoc|x64.ActiveCfg = Debug|Any CPU
		{D771C772-CA7A-46E1-8A5C-915A7211A122}.Ad-Hoc|x64.Build.0 = Debug|Any CPU
		{D771C772-CA7A-46E1-8A5C-915A7211A122}.Ad-Hoc|x64.Deploy.0 = Debug|Any CPU
		{D771C772-CA7A-46E1-8A5C-915A7211A122}.Ad-Hoc|x86.ActiveCfg = Debug|Any CPU
		{D771C772-CA7A-46E1-8A5C-915A7211A122}.Ad-Hoc|x86.Build.0 = Debug|Any CPU
		{D771C772-CA7A-46E1-8A5C-915A7211A122}.Ad-Hoc|x86.Deploy.0 = Debug|Any CPU
		{D771C772-CA7A-46E1-8A5C-915A7211A122}.AppStore|Any CPU.ActiveCfg = Debug|Any CPU
		{D771C772-CA7A-46E1-8A5C-915A7211A122}.AppStore|Any CPU.Build.0 = Debug|Any CPU
		{D771C772-CA7A-46E1-8A5C-915A7211A122}.AppStore|Any CPU.Deploy.0 = Debug|Any CPU
		{D771C772-CA7A-46E1-8A5C-915A7211A122}.AppStore|ARM.ActiveCfg = Debug|Any CPU
		{D771C772-CA7A-46E1-8A5C-915A7211A122}.AppStore|ARM.Build.0 = Debug|Any CPU
		{D771C772-CA7A-46E1-8A5C-915A7211A122}.AppStore|ARM.Deploy.0 = Debug|Any CPU
		{D771C772-CA7A-46E1-8A5C-915A7211A122}.AppStore|iPhone.ActiveCfg = Debug|Any CPU
		{D771C772-CA7A-46E1-8A5C-915A7211A122}.AppStore|iPhone.Build.0 = Debug|Any CPU
		{D771C772-CA7A-46E1-8A5C-915A7211A122}.AppStore|iPhone.Deploy.0 = Debug|Any CPU
		{D771C772-CA7A-46E1-8A5C-915A7211A122}.AppStore|iPhoneSimulator.ActiveCfg = Debug|Any CPU
		{D771C772-CA7A-46E1-8A5C-915A7211A122}.AppStore|iPhoneSimulator.Build.0 = Debug|Any CPU
		{D771C772-CA7A-46E1-8A5C-915A7211A122}.AppStore|iPhoneSimulator.Deploy.0 = Debug|Any CPU
		{D771C772-CA7A-46E1-8A5C-915A7211A122}.AppStore|x64.ActiveCfg = Debug|Any CPU
		{D771C772-CA7A-46E1-8A5C-915A7211A122}.AppStore|x64.Build.0 = Debug|Any CPU
		{D771C772-CA7A-46E1-8A5C-915A7211A122}.AppStore|x64.Deploy.0 = Debug|Any CPU
		{D771C772-CA7A-46E1-8A5C-915A7211A122}.AppStore|x86.ActiveCfg = Debug|Any CPU
		{D771C772-CA7A-46E1-8A5C-915A7211A122}.AppStore|x86.Build.0 = Debug|Any CPU
		{D771C772-CA7A-46E1-8A5C-915A7211A122}.AppStore|x86.Deploy.0 = Debug|Any CPU
		{D771C772-CA7A-46E1-8A5C-915A7211A122}.Debug|Any CPU.ActiveCfg = Debug|Any CPU
		{D771C772-CA7A-46E1-8A5C-915A7211A122}.Debug|Any CPU.Build.0 = Debug|Any CPU
		{D771C772-CA7A-46E1-8A5C-915A7211A122}.Debug|Any CPU.Deploy.0 = Debug|Any CPU
		{D771C772-CA7A-46E1-8A5C-915A7211A122}.Debug|ARM.ActiveCfg = Debug|Any CPU
		{D771C772-CA7A-46E1-8A5C-915A7211A122}.Debug|ARM.Build.0 = Debug|Any CPU
		{D771C772-CA7A-46E1-8A5C-915A7211A122}.Debug|ARM.Deploy.0 = Debug|Any CPU
		{D771C772-CA7A-46E1-8A5C-915A7211A122}.Debug|iPhone.ActiveCfg = Debug|Any CPU
		{D771C772-CA7A-46E1-8A5C-915A7211A122}.Debug|iPhone.Build.0 = Debug|Any CPU
		{D771C772-CA7A-46E1-8A5C-915A7211A122}.Debug|iPhone.Deploy.0 = Debug|Any CPU
		{D771C772-CA7A-46E1-8A5C-915A7211A122}.Debug|iPhoneSimulator.ActiveCfg = Debug|Any CPU
		{D771C772-CA7A-46E1-8A5C-915A7211A122}.Debug|iPhoneSimulator.Build.0 = Debug|Any CPU
		{D771C772-CA7A-46E1-8A5C-915A7211A122}.Debug|iPhoneSimulator.Deploy.0 = Debug|Any CPU
		{D771C772-CA7A-46E1-8A5C-915A7211A122}.Debug|x64.ActiveCfg = Debug|Any CPU
		{D771C772-CA7A-46E1-8A5C-915A7211A122}.Debug|x64.Build.0 = Debug|Any CPU
		{D771C772-CA7A-46E1-8A5C-915A7211A122}.Debug|x64.Deploy.0 = Debug|Any CPU
		{D771C772-CA7A-46E1-8A5C-915A7211A122}.Debug|x86.ActiveCfg = Debug|Any CPU
		{D771C772-CA7A-46E1-8A5C-915A7211A122}.Debug|x86.Build.0 = Debug|Any CPU
		{D771C772-CA7A-46E1-8A5C-915A7211A122}.Debug|x86.Deploy.0 = Debug|Any CPU
		{D771C772-CA7A-46E1-8A5C-915A7211A122}.Release|Any CPU.ActiveCfg = Release|Any CPU
		{D771C772-CA7A-46E1-8A5C-915A7211A122}.Release|Any CPU.Build.0 = Release|Any CPU
		{D771C772-CA7A-46E1-8A5C-915A7211A122}.Release|Any CPU.Deploy.0 = Release|Any CPU
		{D771C772-CA7A-46E1-8A5C-915A7211A122}.Release|ARM.ActiveCfg = Release|Any CPU
		{D771C772-CA7A-46E1-8A5C-915A7211A122}.Release|ARM.Build.0 = Release|Any CPU
		{D771C772-CA7A-46E1-8A5C-915A7211A122}.Release|ARM.Deploy.0 = Release|Any CPU
		{D771C772-CA7A-46E1-8A5C-915A7211A122}.Release|iPhone.ActiveCfg = Release|Any CPU
		{D771C772-CA7A-46E1-8A5C-915A7211A122}.Release|iPhone.Build.0 = Release|Any CPU
		{D771C772-CA7A-46E1-8A5C-915A7211A122}.Release|iPhone.Deploy.0 = Release|Any CPU
		{D771C772-CA7A-46E1-8A5C-915A7211A122}.Release|iPhoneSimulator.ActiveCfg = Release|Any CPU
		{D771C772-CA7A-46E1-8A5C-915A7211A122}.Release|iPhoneSimulator.Build.0 = Release|Any CPU
		{D771C772-CA7A-46E1-8A5C-915A7211A122}.Release|iPhoneSimulator.Deploy.0 = Release|Any CPU
		{D771C772-CA7A-46E1-8A5C-915A7211A122}.Release|x64.ActiveCfg = Release|Any CPU
		{D771C772-CA7A-46E1-8A5C-915A7211A122}.Release|x64.Build.0 = Release|Any CPU
		{D771C772-CA7A-46E1-8A5C-915A7211A122}.Release|x64.Deploy.0 = Release|Any CPU
		{D771C772-CA7A-46E1-8A5C-915A7211A122}.Release|x86.ActiveCfg = Release|Any CPU
		{D771C772-CA7A-46E1-8A5C-915A7211A122}.Release|x86.Build.0 = Release|Any CPU
		{D771C772-CA7A-46E1-8A5C-915A7211A122}.Release|x86.Deploy.0 = Release|Any CPU
	EndGlobalSection
	GlobalSection(SolutionProperties) = preSolution
		HideSolutionNode = FALSE
	EndGlobalSection
	GlobalSection(ExtensibilityGlobals) = postSolution
		SolutionGuid = {F53BB20C-4587-4EC8-B8D4-A832C4418727}
	EndGlobalSection
EndGlobal
